
Microsoft Visual Studio Solution File, Format Version 12.00
# Visual Studio Version 16
VisualStudioVersion = 16.0.30413.136
MinimumVisualStudioVersion = 10.0.40219.1
Project("{8BC9CEB8-8B4A-11D0-8D11-00A0C91BC942}") = "FileSyncerServer", "FileSyncerServer\FileSyncerServer.vcxproj", "{64A3924C-C22F-4416-8C24-BA5E76E03BEF}"
EndProject
Global
	GlobalSection(SolutionConfigurationPlatforms) = preSolution
		Debug|x64 = Debug|x64
		Release|x64 = Release|x64
	EndGlobalSection
	GlobalSection(ProjectConfigurationPlatforms) = postSolution
		{64A3924C-C22F-4416-8C24-BA5E76E03BEF}.Debug|x64.ActiveCfg = Debug|x64
		{64A3924C-C22F-4416-8C24-BA5E76E03BEF}.Debug|x64.Build.0 = Debug|x64
		{64A3924C-C22F-4416-8C24-BA5E76E03BEF}.Release|x64.ActiveCfg = Release|x64
		{64A3924C-C22F-4416-8C24-BA5E76E03BEF}.Release|x64.Build.0 = Release|x64
	EndGlobalSection
	GlobalSection(SolutionProperties) = preSolution
		HideSolutionNode = FALSE
	EndGlobalSection
	GlobalSection(ExtensibilityGlobals) = postSolution
		SolutionGuid = {12296132-C7D3-4DDE-B339-6CD6A62F40E7}
	EndGlobalSection
EndGlobal
